// !$*UTF8*$!
{
	archiveVersion = 1;
	classes = {
	};
	objectVersion = 51;
	objects = {

/* Begin PBXBuildFile section */
		59F0B201255E463F00A446E2 /* AppDelegate.m in Sources */ = {isa = PBXBuildFile; fileRef = 59F0B200255E463F00A446E2 /* AppDelegate.m */; };
		59F0B207255E463F00A446E2 /* ViewController.m in Sources */ = {isa = PBXBuildFile; fileRef = 59F0B206255E463F00A446E2 /* ViewController.m */; };
		59F0B20A255E463F00A446E2 /* Main.storyboard in Resources */ = {isa = PBXBuildFile; fileRef = 59F0B208255E463F00A446E2 /* Main.storyboard */; };
		59F0B20C255E464000A446E2 /* Assets.xcassets in Resources */ = {isa = PBXBuildFile; fileRef = 59F0B20B255E464000A446E2 /* Assets.xcassets */; };
		59F0B20F255E464000A446E2 /* LaunchScreen.storyboard in Resources */ = {isa = PBXBuildFile; fileRef = 59F0B20D255E464000A446E2 /* LaunchScreen.storyboard */; };
		59F0B212255E464000A446E2 /* main.m in Sources */ = {isa = PBXBuildFile; fileRef = 59F0B211255E464000A446E2 /* main.m */; };
		59F0B222255E47A200A446E2 /* BaseVC.m in Sources */ = {isa = PBXBuildFile; fileRef = 59F0B221255E47A200A446E2 /* BaseVC.m */; };
		59F0B22B255E62BE00A446E2 /* TestVC1.m in Sources */ = {isa = PBXBuildFile; fileRef = 59F0B22A255E62BE00A446E2 /* TestVC1.m */; };
		59F0B22F255E62E500A446E2 /* BaseTableVC.m in Sources */ = {isa = PBXBuildFile; fileRef = 59F0B22E255E62E500A446E2 /* BaseTableVC.m */; };
		59F0B233255E63AA00A446E2 /* DemoEmptyView.m in Sources */ = {isa = PBXBuildFile; fileRef = 59F0B232255E63AA00A446E2 /* DemoEmptyView.m */; };
		59F0B241255E653F00A446E2 /* TestWMPageVC.m in Sources */ = {isa = PBXBuildFile; fileRef = 59F0B240255E653F00A446E2 /* TestWMPageVC.m */; };
		DB7DFC7A4CD460745A23E99C /* Pods_TestEmptyViewDemo.framework in Frameworks */ = {isa = PBXBuildFile; fileRef = 0B2EC86E7092CDA8C390BDB6 /* Pods_TestEmptyViewDemo.framework */; };
/* End PBXBuildFile section */

/* Begin PBXFileReference section */
		0B2EC86E7092CDA8C390BDB6 /* Pods_TestEmptyViewDemo.framework */ = {isa = PBXFileReference; explicitFileType = wrapper.framework; includeInIndex = 0; path = Pods_TestEmptyViewDemo.framework; sourceTree = BUILT_PRODUCTS_DIR; };
		3DEC04CA00A636B99014C83A /* Pods-TestEmptyViewDemo.release.xcconfig */ = {isa = PBXFileReference; includeInIndex = 1; lastKnownFileType = text.xcconfig; name = "Pods-TestEmptyViewDemo.release.xcconfig"; path = "Target Support Files/Pods-TestEmptyViewDemo/Pods-TestEmptyViewDemo.release.xcconfig"; sourceTree = "<group>"; };
		59F0B1FC255E463F00A446E2 /* TestEmptyViewDemo.app */ = {isa = PBXFileReference; explicitFileType = wrapper.application; includeInIndex = 0; path = TestEmptyViewDemo.app; sourceTree = BUILT_PRODUCTS_DIR; };
		59F0B1FF255E463F00A446E2 /* AppDelegate.h */ = {isa = PBXFileReference; lastKnownFileType = sourcecode.c.h; path = AppDelegate.h; sourceTree = "<group>"; };
		59F0B200255E463F00A446E2 /* AppDelegate.m */ = {isa = PBXFileReference; lastKnownFileType = sourcecode.c.objc; path = AppDelegate.m; sourceTree = "<group>"; };
		59F0B205255E463F00A446E2 /* ViewController.h */ = {isa = PBXFileReference; lastKnownFileType = sourcecode.c.h; path = ViewController.h; sourceTree = "<group>"; };
		59F0B206255E463F00A446E2 /* ViewController.m */ = {isa = PBXFileReference; lastKnownFileType = sourcecode.c.objc; path = ViewController.m; sourceTree = "<group>"; };
		59F0B209255E463F00A446E2 /* Base */ = {isa = PBXFileReference; lastKnownFileType = file.storyboard; name = Base; path = Base.lproj/Main.storyboard; sourceTree = "<group>"; };
		59F0B20B255E464000A446E2 /* Assets.xcassets */ = {isa = PBXFileReference; lastKnownFileType = folder.assetcatalog; path = Assets.xcassets; sourceTree = "<group>"; };
		59F0B20E255E464000A446E2 /* Base */ = {isa = PBXFileReference; lastKnownFileType = file.storyboard; name = Base; path = Base.lproj/LaunchScreen.storyboard; sourceTree = "<group>"; };
		59F0B210255E464000A446E2 /* Info.plist */ = {isa = PBXFileReference; lastKnownFileType = text.plist.xml; path = Info.plist; sourceTree = "<group>"; };
		59F0B211255E464000A446E2 /* main.m */ = {isa = PBXFileReference; lastKnownFileType = sourcecode.c.objc; path = main.m; sourceTree = "<group>"; };
		59F0B220255E47A200A446E2 /* BaseVC.h */ = {isa = PBXFileReference; lastKnownFileType = sourcecode.c.h; path = BaseVC.h; sourceTree = "<group>"; };
		59F0B221255E47A200A446E2 /* BaseVC.m */ = {isa = PBXFileReference; lastKnownFileType = sourcecode.c.objc; path = BaseVC.m; sourceTree = "<group>"; };
		59F0B229255E62BE00A446E2 /* TestVC1.h */ = {isa = PBXFileReference; lastKnownFileType = sourcecode.c.h; path = TestVC1.h; sourceTree = "<group>"; };
		59F0B22A255E62BE00A446E2 /* TestVC1.m */ = {isa = PBXFileReference; lastKnownFileType = sourcecode.c.objc; path = TestVC1.m; sourceTree = "<group>"; };
		59F0B22D255E62E500A446E2 /* BaseTableVC.h */ = {isa = PBXFileReference; lastKnownFileType = sourcecode.c.h; path = BaseTableVC.h; sourceTree = "<group>"; };
		59F0B22E255E62E500A446E2 /* BaseTableVC.m */ = {isa = PBXFileReference; lastKnownFileType = sourcecode.c.objc; path = BaseTableVC.m; sourceTree = "<group>"; };
		59F0B231255E63AA00A446E2 /* DemoEmptyView.h */ = {isa = PBXFileReference; lastKnownFileType = sourcecode.c.h; path = DemoEmptyView.h; sourceTree = "<group>"; };
		59F0B232255E63AA00A446E2 /* DemoEmptyView.m */ = {isa = PBXFileReference; lastKnownFileType = sourcecode.c.objc; path = DemoEmptyView.m; sourceTree = "<group>"; };
		59F0B23F255E653F00A446E2 /* TestWMPageVC.h */ = {isa = PBXFileReference; lastKnownFileType = sourcecode.c.h; path = TestWMPageVC.h; sourceTree = "<group>"; };
		59F0B240255E653F00A446E2 /* TestWMPageVC.m */ = {isa = PBXFileReference; lastKnownFileType = sourcecode.c.objc; path = TestWMPageVC.m; sourceTree = "<group>"; };
		9C28A14F7CEE89EFBFAA87AF /* Pods-TestEmptyViewDemo.debug.xcconfig */ = {isa = PBXFileReference; includeInIndex = 1; lastKnownFileType = text.xcconfig; name = "Pods-TestEmptyViewDemo.debug.xcconfig"; path = "Target Support Files/Pods-TestEmptyViewDemo/Pods-TestEmptyViewDemo.debug.xcconfig"; sourceTree = "<group>"; };
/* End PBXFileReference section */

/* Begin PBXFrameworksBuildPhase section */
		59F0B1F9255E463F00A446E2 /* Frameworks */ = {
			isa = PBXFrameworksBuildPhase;
			buildActionMask = 2147483647;
			files = (
				DB7DFC7A4CD460745A23E99C /* Pods_TestEmptyViewDemo.framework in Frameworks */,
			);
			runOnlyForDeploymentPostprocessing = 0;
		};
/* End PBXFrameworksBuildPhase section */

/* Begin PBXGroup section */
		59F0B1F3255E463F00A446E2 = {
			isa = PBXGroup;
			children = (
				59F0B1FE255E463F00A446E2 /* TestEmptyViewDemo */,
				59F0B1FD255E463F00A446E2 /* Products */,
				A9C57EED41FBD932F73BB912 /* Pods */,
				81CB826CEAAAA766A1388E0E /* Frameworks */,
			);
			sourceTree = "<group>";
		};
		59F0B1FD255E463F00A446E2 /* Products */ = {
			isa = PBXGroup;
			children = (
				59F0B1FC255E463F00A446E2 /* TestEmptyViewDemo.app */,
			);
			name = Products;
			sourceTree = "<group>";
		};
		59F0B1FE255E463F00A446E2 /* TestEmptyViewDemo */ = {
			isa = PBXGroup;
			children = (
				59F0B1FF255E463F00A446E2 /* AppDelegate.h */,
				59F0B200255E463F00A446E2 /* AppDelegate.m */,
				59F0B205255E463F00A446E2 /* ViewController.h */,
				59F0B206255E463F00A446E2 /* ViewController.m */,
				59F0B220255E47A200A446E2 /* BaseVC.h */,
				59F0B221255E47A200A446E2 /* BaseVC.m */,
				59F0B22D255E62E500A446E2 /* BaseTableVC.h */,
				59F0B22E255E62E500A446E2 /* BaseTableVC.m */,
				59F0B229255E62BE00A446E2 /* TestVC1.h */,
				59F0B22A255E62BE00A446E2 /* TestVC1.m */,
				59F0B23F255E653F00A446E2 /* TestWMPageVC.h */,
				59F0B240255E653F00A446E2 /* TestWMPageVC.m */,
				59F0B231255E63AA00A446E2 /* DemoEmptyView.h */,
				59F0B232255E63AA00A446E2 /* DemoEmptyView.m */,
				59F0B208255E463F00A446E2 /* Main.storyboard */,
				59F0B20B255E464000A446E2 /* Assets.xcassets */,
				59F0B20D255E464000A446E2 /* LaunchScreen.storyboard */,
				59F0B210255E464000A446E2 /* Info.plist */,
				59F0B211255E464000A446E2 /* main.m */,
			);
			path = TestEmptyViewDemo;
			sourceTree = "<group>";
		};
		81CB826CEAAAA766A1388E0E /* Frameworks */ = {
			isa = PBXGroup;
			children = (
				0B2EC86E7092CDA8C390BDB6 /* Pods_TestEmptyViewDemo.framework */,
			);
			name = Frameworks;
			sourceTree = "<group>";
		};
		A9C57EED41FBD932F73BB912 /* Pods */ = {
			isa = PBXGroup;
			children = (
				9C28A14F7CEE89EFBFAA87AF /* Pods-TestEmptyViewDemo.debug.xcconfig */,
				3DEC04CA00A636B99014C83A /* Pods-TestEmptyViewDemo.release.xcconfig */,
			);
			path = Pods;
			sourceTree = "<group>";
		};
/* End PBXGroup section */

/* Begin PBXNativeTarget section */
		59F0B1FB255E463F00A446E2 /* TestEmptyViewDemo */ = {
			isa = PBXNativeTarget;
			buildConfigurationList = 59F0B215255E464000A446E2 /* Build configuration list for PBXNativeTarget "TestEmptyViewDemo" */;
			buildPhases = (
				8F4A2755FA5A384BA057981C /* [CP] Check Pods Manifest.lock */,
				59F0B1F8255E463F00A446E2 /* Sources */,
				59F0B1F9255E463F00A446E2 /* Frameworks */,
				59F0B1FA255E463F00A446E2 /* Resources */,
				0B9A034532102E1E8C1774BC /* [CP] Embed Pods Frameworks */,
			);
			buildRules = (
			);
			dependencies = (
			);
			name = TestEmptyViewDemo;
			productName = TestEmptyViewDemo;
			productReference = 59F0B1FC255E463F00A446E2 /* TestEmptyViewDemo.app */;
			productType = "com.apple.product-type.application";
		};
/* End PBXNativeTarget section */

/* Begin PBXProject section */
		59F0B1F4255E463F00A446E2 /* Project object */ = {
			isa = PBXProject;
			attributes = {
				LastUpgradeCheck = 1200;
				TargetAttributes = {
					59F0B1FB255E463F00A446E2 = {
						CreatedOnToolsVersion = 12.0;
					};
				};
			};
			buildConfigurationList = 59F0B1F7255E463F00A446E2 /* Build configuration list for PBXProject "TestEmptyViewDemo" */;
			compatibilityVersion = "Xcode 9.3";
			developmentRegion = en;
			hasScannedForEncodings = 0;
			knownRegions = (
				en,
				Base,
			);
			mainGroup = 59F0B1F3255E463F00A446E2;
			productRefGroup = 59F0B1FD255E463F00A446E2 /* Products */;
			projectDirPath = "";
			projectRoot = "";
			targets = (
				59F0B1FB255E463F00A446E2 /* TestEmptyViewDemo */,
			);
		};
/* End PBXProject section */

/* Begin PBXResourcesBuildPhase section */
		59F0B1FA255E463F00A446E2 /* Resources */ = {
			isa = PBXResourcesBuildPhase;
			buildActionMask = 2147483647;
			files = (
				59F0B20F255E464000A446E2 /* LaunchScreen.storyboard in Resources */,
				59F0B20C255E464000A446E2 /* Assets.xcassets in Resources */,
				59F0B20A255E463F00A446E2 /* Main.storyboard in Resources */,
			);
			runOnlyForDeploymentPostprocessing = 0;
		};
/* End PBXResourcesBuildPhase section */

/* Begin PBXShellScriptBuildPhase section */
		0B9A034532102E1E8C1774BC /* [CP] Embed Pods Frameworks */ = {
			isa = PBXShellScriptBuildPhase;
			buildActionMask = 2147483647;
			files = (
			);
			inputFileListPaths = (
				"${PODS_ROOT}/Target Support Files/Pods-TestEmptyViewDemo/Pods-TestEmptyViewDemo-frameworks-${CONFIGURATION}-input-files.xcfilelist",
			);
			name = "[CP] Embed Pods Frameworks";
			outputFileListPaths = (
				"${PODS_ROOT}/Target Support Files/Pods-TestEmptyViewDemo/Pods-TestEmptyViewDemo-frameworks-${CONFIGURATION}-output-files.xcfilelist",
			);
			runOnlyForDeploymentPostprocessing = 0;
			shellPath = /bin/sh;
			shellScript = "\"${PODS_ROOT}/Target Support Files/Pods-TestEmptyViewDemo/Pods-TestEmptyViewDemo-frameworks.sh\"\n";
			showEnvVarsInLog = 0;
		};
		8F4A2755FA5A384BA057981C /* [CP] Check Pods Manifest.lock */ = {
			isa = PBXShellScriptBuildPhase;
			buildActionMask = 2147483647;
			files = (
			);
			inputFileListPaths = (
			);
			inputPaths = (
				"${PODS_PODFILE_DIR_PATH}/Podfile.lock",
				"${PODS_ROOT}/Manifest.lock",
			);
			name = "[CP] Check Pods Manifest.lock";
			outputFileListPaths = (
			);
			outputPaths = (
				"$(DERIVED_FILE_DIR)/Pods-TestEmptyViewDemo-checkManifestLockResult.txt",
			);
			runOnlyForDeploymentPostprocessing = 0;
			shellPath = /bin/sh;
			shellScript = "diff \"${PODS_PODFILE_DIR_PATH}/Podfile.lock\" \"${PODS_ROOT}/Manifest.lock\" > /dev/null\nif [ $? != 0 ] ; then\n    # print error to STDERR\n    echo \"error: The sandbox is not in sync with the Podfile.lock. Run 'pod install' or update your CocoaPods installation.\" >&2\n    exit 1\nfi\n# This output is used by Xcode 'outputs' to avoid re-running this script phase.\necho \"SUCCESS\" > \"${SCRIPT_OUTPUT_FILE_0}\"\n";
			showEnvVarsInLog = 0;
		};
/* End PBXShellScriptBuildPhase section */

/* Begin PBXSourcesBuildPhase section */
		59F0B1F8255E463F00A446E2 /* Sources */ = {
			isa = PBXSourcesBuildPhase;
			buildActionMask = 2147483647;
			files = (
				59F0B207255E463F00A446E2 /* ViewController.m in Sources */,
				59F0B201255E463F00A446E2 /* AppDelegate.m in Sources */,
				59F0B233255E63AA00A446E2 /* DemoEmptyView.m in Sources */,
				59F0B241255E653F00A446E2 /* TestWMPageVC.m in Sources */,
				59F0B22F255E62E500A446E2 /* BaseTableVC.m in Sources */,
				59F0B212255E464000A446E2 /* main.m in Sources */,
				59F0B22B255E62BE00A446E2 /* TestVC1.m in Sources */,
				59F0B222255E47A200A446E2 /* BaseVC.m in Sources */,
			);
			runOnlyForDeploymentPostprocessing = 0;
		};
/* End PBXSourcesBuildPhase section */

/* Begin PBXVariantGroup section */
		59F0B208255E463F00A446E2 /* Main.storyboard */ = {
			isa = PBXVariantGroup;
			children = (
				59F0B209255E463F00A446E2 /* Base */,
			);
			name = Main.storyboard;
			sourceTree = "<group>";
		};
		59F0B20D255E464000A446E2 /* LaunchScreen.storyboard */ = {
			isa = PBXVariantGroup;
			children = (
				59F0B20E255E464000A446E2 /* Base */,
			);
			name = LaunchScreen.storyboard;
			sourceTree = "<group>";
		};
/* End PBXVariantGroup section */

/* Begin XCBuildConfiguration section */
		59F0B213255E464000A446E2 /* Debug */ = {
			isa = XCBuildConfiguration;
			buildSettings = {
				ALWAYS_SEARCH_USER_PATHS = NO;
				CLANG_ANALYZER_NONNULL = YES;
				CLANG_ANALYZER_NUMBER_OBJECT_CONVERSION = YES_AGGRESSIVE;
				CLANG_CXX_LANGUAGE_STANDARD = "gnu++14";
				CLANG_CXX_LIBRARY = "libc++";
				CLANG_ENABLE_MODULES = YES;
				CLANG_ENABLE_OBJC_ARC = YES;
				CLANG_ENABLE_OBJC_WEAK = YES;
				CLANG_WARN_BLOCK_CAPTURE_AUTORELEASING = YES;
				CLANG_WARN_BOOL_CONVERSION = YES;
				CLANG_WARN_COMMA = YES;
				CLANG_WARN_CONSTANT_CONVERSION = YES;
				CLANG_WARN_DEPRECATED_OBJC_IMPLEMENTATIONS = YES;
				CLANG_WARN_DIRECT_OBJC_ISA_USAGE = YES_ERROR;
				CLANG_WARN_DOCUMENTATION_COMMENTS = YES;
				CLANG_WARN_EMPTY_BODY = YES;
				CLANG_WARN_ENUM_CONVERSION = YES;
				CLANG_WARN_INFINITE_RECURSION = YES;
				CLANG_WARN_INT_CONVERSION = YES;
				CLANG_WARN_NON_LITERAL_NULL_CONVERSION = YES;
				CLANG_WARN_OBJC_IMPLICIT_RETAIN_SELF = YES;
				CLANG_WARN_OBJC_LITERAL_CONVERSION = YES;
				CLANG_WARN_OBJC_ROOT_CLASS = YES_ERROR;
				CLANG_WARN_QUOTED_INCLUDE_IN_FRAMEWORK_HEADER = YES;
				CLANG_WARN_RANGE_LOOP_ANALYSIS = YES;
				CLANG_WARN_STRICT_PROTOTYPES = YES;
				CLANG_WARN_SUSPICIOUS_MOVE = YES;
				CLANG_WARN_UNGUARDED_AVAILABILITY = YES_AGGRESSIVE;
				CLANG_WARN_UNREACHABLE_CODE = YES;
				CLANG_WARN__DUPLICATE_METHOD_MATCH = YES;
				COPY_PHASE_STRIP = NO;
				DEBUG_INFORMATION_FORMAT = dwarf;
				ENABLE_STRICT_OBJC_MSGSEND = YES;
				ENABLE_TESTABILITY = YES;
				GCC_C_LANGUAGE_STANDARD = gnu11;
				GCC_DYNAMIC_NO_PIC = NO;
				GCC_NO_COMMON_BLOCKS = YES;
				GCC_OPTIMIZATION_LEVEL = 0;
				GCC_PREPROCESSOR_DEFINITIONS = (
					"DEBUG=1",
					"$(inherited)",
				);
				GCC_WARN_64_TO_32_BIT_CONVERSION = YES;
				GCC_WARN_ABOUT_RETURN_TYPE = YES_ERROR;
				GCC_WARN_UNDECLARED_SELECTOR = YES;
				GCC_WARN_UNINITIALIZED_AUTOS = YES_AGGRESSIVE;
				GCC_WARN_UNUSED_FUNCTION = YES;
				GCC_WARN_UNUSED_VARIABLE = YES;
				IPHONEOS_DEPLOYMENT_TARGET = 14.0;
				MTL_ENABLE_DEBUG_INFO = INCLUDE_SOURCE;
				MTL_FAST_MATH = YES;
				ONLY_ACTIVE_ARCH = YES;
				SDKROOT = iphoneos;
			};
			name = Debug;
		};
		59F0B214255E464000A446E2 /* Release */ = {
			isa = XCBuildConfiguration;
			buildSettings = {
				ALWAYS_SEARCH_USER_PATHS = NO;
				CLANG_ANALYZER_NONNULL = YES;
				CLANG_ANALYZER_NUMBER_OBJECT_CONVERSION = YES_AGGRESSIVE;
				CLANG_CXX_LANGUAGE_STANDARD = "gnu++14";
				CLANG_CXX_LIBRARY = "libc++";
				CLANG_ENABLE_MODULES = YES;
				CLANG_ENABLE_OBJC_ARC = YES;
				CLANG_ENABLE_OBJC_WEAK = YES;
				CLANG_WARN_BLOCK_CAPTURE_AUTORELEASING = YES;
				CLANG_WARN_BOOL_CONVERSION = YES;
				CLANG_WARN_COMMA = YES;
				CLANG_WARN_CONSTANT_CONVERSION = YES;
				CLANG_WARN_DEPRECATED_OBJC_IMPLEMENTATIONS = YES;
				CLANG_WARN_DIRECT_OBJC_ISA_USAGE = YES_ERROR;
				CLANG_WARN_DOCUMENTATION_COMMENTS = YES;
				CLANG_WARN_EMPTY_BODY = YES;
				CLANG_WARN_ENUM_CONVERSION = YES;
				CLANG_WARN_INFINITE_RECURSION = YES;
				CLANG_WARN_INT_CONVERSION = YES;
				CLANG_WARN_NON_LITERAL_NULL_CONVERSION = YES;
				CLANG_WARN_OBJC_IMPLICIT_RETAIN_SELF = YES;
				CLANG_WARN_OBJC_LITERAL_CONVERSION = YES;
				CLANG_WARN_OBJC_ROOT_CLASS = YES_ERROR;
				CLANG_WARN_QUOTED_INCLUDE_IN_FRAMEWORK_HEADER = YES;
				CLANG_WARN_RANGE_LOOP_ANALYSIS = YES;
				CLANG_WARN_STRICT_PROTOTYPES = YES;
				CLANG_WARN_SUSPICIOUS_MOVE = YES;
				CLANG_WARN_UNGUARDED_AVAILABILITY = YES_AGGRESSIVE;
				CLANG_WARN_UNREACHABLE_CODE = YES;
				CLANG_WARN__DUPLICATE_METHOD_MATCH = YES;
				COPY_PHASE_STRIP = NO;
				DEBUG_INFORMATION_FORMAT = "dwarf-with-dsym";
				ENABLE_NS_ASSERTIONS = NO;
				ENABLE_STRICT_OBJC_MSGSEND = YES;
				GCC_C_LANGUAGE_STANDARD = gnu11;
				GCC_NO_COMMON_BLOCKS = YES;
				GCC_WARN_64_TO_32_BIT_CONVERSION = YES;
				GCC_WARN_ABOUT_RETURN_TYPE = YES_ERROR;
				GCC_WARN_UNDECLARED_SELECTOR = YES;
				GCC_WARN_UNINITIALIZED_AUTOS = YES_AGGRESSIVE;
				GCC_WARN_UNUSED_FUNCTION = YES;
				GCC_WARN_UNUSED_VARIABLE = YES;
				IPHONEOS_DEPLOYMENT_TARGET = 14.0;
				MTL_ENABLE_DEBUG_INFO = NO;
				MTL_FAST_MATH = YES;
				SDKROOT = iphoneos;
				VALIDATE_PRODUCT = YES;
			};
			name = Release;
		};
		59F0B216255E464000A446E2 /* Debug */ = {
			isa = XCBuildConfiguration;
			baseConfigurationReference = 9C28A14F7CEE89EFBFAA87AF /* Pods-TestEmptyViewDemo.debug.xcconfig */;
			buildSettings = {
				ASSETCATALOG_COMPILER_APPICON_NAME = AppIcon;
				ASSETCATALOG_COMPILER_GLOBAL_ACCENT_COLOR_NAME = AccentColor;
				CODE_SIGN_STYLE = Automatic;
				INFOPLIST_FILE = TestEmptyViewDemo/Info.plist;
				IPHONEOS_DEPLOYMENT_TARGET = 10.0;
				LD_RUNPATH_SEARCH_PATHS = (
					"$(inherited)",
					"@executable_path/Frameworks",
				);
				PRODUCT_BUNDLE_IDENTIFIER = "-23123.TestEmptyViewDemo";
				PRODUCT_NAME = "$(TARGET_NAME)";
				TARGETED_DEVICE_FAMILY = 1;
			};
			name = Debug;
		};
		59F0B217255E464000A446E2 /* Release */ = {
			isa = XCBuildConfiguration;
			baseConfigurationReference = 3DEC04CA00A636B99014C83A /* Pods-TestEmptyViewDemo.release.xcconfig */;
			buildSettings = {
				ASSETCATALOG_COMPILER_APPICON_NAME = AppIcon;
				ASSETCATALOG_COMPILER_GLOBAL_ACCENT_COLOR_NAME = AccentColor;
				CODE_SIGN_STYLE = Automatic;
				INFOPLIST_FILE = TestEmptyViewDemo/Info.plist;
				IPHONEOS_DEPLOYMENT_TARGET = 10.0;
				LD_RUNPATH_SEARCH_PATHS = (
					"$(inherited)",
					"@executable_path/Frameworks",
				);
				PRODUCT_BUNDLE_IDENTIFIER = "-23123.TestEmptyViewDemo";
				PRODUCT_NAME = "$(TARGET_NAME)";
				TARGETED_DEVICE_FAMILY = 1;
			};
			name = Release;
		};
/* End XCBuildConfiguration section */

/* Begin XCConfigurationList section */
		59F0B1F7255E463F00A446E2 /* Build configuration list for PBXProject "TestEmptyViewDemo" */ = {
			isa = XCConfigurationList;
			buildConfigurations = (
				59F0B213255E464000A446E2 /* Debug */,
				59F0B214255E464000A446E2 /* Release */,
			);
			defaultConfigurationIsVisible = 0;
			defaultConfigurationName = Release;
		};
		59F0B215255E464000A446E2 /* Build configuration list for PBXNativeTarget "TestEmptyViewDemo" */ = {
			isa = XCConfigurationList;
			buildConfigurations = (
				59F0B216255E464000A446E2 /* Debug */,
				59F0B217255E464000A446E2 /* Release */,
			);
			defaultConfigurationIsVisible = 0;
			defaultConfigurationName = Release;
		};
/* End XCConfigurationList section */
	};
	rootObject = 59F0B1F4255E463F00A446E2 /* Project object */;
}
